
Microsoft Visual Studio Solution File, Format Version 12.00
# Visual Studio Version 17
VisualStudioVersion = 17.0.31912.275
MinimumVisualStudioVersion = 10.0.40219.1
Project("{FAE04EC0-301F-11D3-BF4B-00C04F79EFBC}") = "Bank-3x", "Bank-3x\Bank-3x.csproj", "{F13AA5B3-7AC7-498B-B4C4-FF9563F0C283}"
EndProject
Project("{FAE04EC0-301F-11D3-BF4B-00C04F79EFBC}") = "CreatSumm", "CreatBD\CreatSumm.csproj", "{348F80DD-7F1A-4375-BDEB-CD8E8D79107B}"
EndProject
Project("{FAE04EC0-301F-11D3-BF4B-00C04F79EFBC}") = "SqlConn", "SqlConnection\SqlConn.csproj", "{3597C086-87CF-4D9A-BA61-C219681C5817}"
EndProject
Global
	GlobalSection(SolutionConfigurationPlatforms) = preSolution
		Debug|Any CPU = Debug|Any CPU
		Release|Any CPU = Release|Any CPU
	EndGlobalSection
	GlobalSection(ProjectConfigurationPlatforms) = postSolution
		{F13AA5B3-7AC7-498B-B4C4-FF9563F0C283}.Debug|Any CPU.ActiveCfg = Debug|Any CPU
		{F13AA5B3-7AC7-498B-B4C4-FF9563F0C283}.Debug|Any CPU.Build.0 = Debug|Any CPU
		{F13AA5B3-7AC7-498B-B4C4-FF9563F0C283}.Release|Any CPU.ActiveCfg = Release|Any CPU
		{F13AA5B3-7AC7-498B-B4C4-FF9563F0C283}.Release|Any CPU.Build.0 = Release|Any CPU
		{348F80DD-7F1A-4375-BDEB-CD8E8D79107B}.Debug|Any CPU.ActiveCfg = Debug|Any CPU
		{348F80DD-7F1A-4375-BDEB-CD8E8D79107B}.Debug|Any CPU.Build.0 = Debug|Any CPU
		{348F80DD-7F1A-4375-BDEB-CD8E8D79107B}.Release|Any CPU.ActiveCfg = Release|Any CPU
		{348F80DD-7F1A-4375-BDEB-CD8E8D79107B}.Release|Any CPU.Build.0 = Release|Any CPU
		{3597C086-87CF-4D9A-BA61-C219681C5817}.Debug|Any CPU.ActiveCfg = Debug|Any CPU
		{3597C086-87CF-4D9A-BA61-C219681C5817}.Debug|Any CPU.Build.0 = Debug|Any CPU
		{3597C086-87CF-4D9A-BA61-C219681C5817}.Release|Any CPU.ActiveCfg = Release|Any CPU
		{3597C086-87CF-4D9A-BA61-C219681C5817}.Release|Any CPU.Build.0 = Release|Any CPU
	EndGlobalSection
	GlobalSection(SolutionProperties) = preSolution
		HideSolutionNode = FALSE
	EndGlobalSection
	GlobalSection(ExtensibilityGlobals) = postSolution
		SolutionGuid = {C83D8848-1C0D-458E-988A-91ECE9CA6129}
	EndGlobalSection
EndGlobal
